
Microsoft Visual Studio Solution File, Format Version 12.00
# Visual Studio Version 16
VisualStudioVersion = 16.0.28922.388
MinimumVisualStudioVersion = 10.0.40219.1
Project("{FAE04EC0-301F-11D3-BF4B-00C04F79EFBC}") = "CricketInfo", "CricketInfo\CricketInfo.csproj", "{E84E2D06-BCE8-421E-B344-1725FA42B92F}"
EndProject
Global
	GlobalSection(SolutionConfigurationPlatforms) = preSolution
		Debug|Any CPU = Debug|Any CPU
		Release|Any CPU = Release|Any CPU
	EndGlobalSection
	GlobalSection(ProjectConfigurationPlatforms) = postSolution
		{E84E2D06-BCE8-421E-B344-1725FA42B92F}.Debug|Any CPU.ActiveCfg = Debug|Any CPU
		{E84E2D06-BCE8-421E-B344-1725FA42B92F}.Debug|Any CPU.Build.0 = Debug|Any CPU
		{E84E2D06-BCE8-421E-B344-1725FA42B92F}.Release|Any CPU.ActiveCfg = Release|Any CPU
		{E84E2D06-BCE8-421E-B344-1725FA42B92F}.Release|Any CPU.Build.0 = Release|Any CPU
	EndGlobalSection
	GlobalSection(SolutionProperties) = preSolution
		HideSolutionNode = FALSE
	EndGlobalSection
	GlobalSection(ExtensibilityGlobals) = postSolution
		SolutionGuid = {68AABA33-19F5-4E60-93DA-7B183CA69187}
	EndGlobalSection
EndGlobal
